
Microsoft Visual Studio Solution File, Format Version 12.00
# Visual Studio Version 16
VisualStudioVersion = 16.0.33927.289
MinimumVisualStudioVersion = 10.0.40219.1
Project("{2150E333-8FDC-42A3-9474-1A3956D46DE8}") = "Task0", "Task0", "{3C886B68-F199-4D3F-9B3C-BC0F94CAC5CF}"
EndProject
Project("{FAE04EC0-301F-11D3-BF4B-00C04F79EFBC}") = "Tyuiu.KupriyanovEA.Sprint5.Task0.V8", "Tyuiu.KupriyanovEA.Sprint5.Task0.V8\Tyuiu.KupriyanovEA.Sprint5.Task0.V8.csproj", "{50AEF102-692A-4EF5-A416-AA587942D10E}"
EndProject
Project("{FAE04EC0-301F-11D3-BF4B-00C04F79EFBC}") = "Tyuiu.KupriyanovEA.Sprint5.Task0.V8.Lib", "Tyuiu.KupriyanovEA.Sprint5.Task0.V8.Lib\Tyuiu.KupriyanovEA.Sprint5.Task0.V8.Lib.csproj", "{60EAB392-69C3-41B4-AE59-98E0DCBBC2ED}"
EndProject
Project("{FAE04EC0-301F-11D3-BF4B-00C04F79EFBC}") = "Tyuiu.KupriyanovEA.Sprint5.Task0.V8.Test", "Tyuiu.KupriyanovEA.Sprint5.Task0.V8.Test\Tyuiu.KupriyanovEA.Sprint5.Task0.V8.Test.csproj", "{2FD72446-1D30-4CA8-ADF7-D1A6B11214B5}"
EndProject
Project("{2150E333-8FDC-42A3-9474-1A3956D46DE8}") = "Task1", "Task1", "{6B3CFEDB-2B90-454E-9AFE-0D8EEF767D2B}"
EndProject
Project("{FAE04EC0-301F-11D3-BF4B-00C04F79EFBC}") = "Tyuiu.KupriyanovEA.Sprint5.Task1.V8", "Tyuiu.KupriyanovEA.Sprint5.Task1.V8\Tyuiu.KupriyanovEA.Sprint5.Task1.V8.csproj", "{DDEFC34C-2452-4546-B98F-9A474AD6000F}"
EndProject
Project("{FAE04EC0-301F-11D3-BF4B-00C04F79EFBC}") = "Tyuiu.KupriyanovEA.Sprint5.Task1.V8.Lib", "Tyuiu.KupriyanovEA.Sprint5.Task1.V8.Lib\Tyuiu.KupriyanovEA.Sprint5.Task1.V8.Lib.csproj", "{6AE2DFAF-1A46-4B2C-A7DF-1CA780A06312}"
EndProject
Project("{FAE04EC0-301F-11D3-BF4B-00C04F79EFBC}") = "Tyuiu.KupriyanovEA.Sprint5.Task1.V8.Test", "Tyuiu.KupriyanovEA.Sprint5.Task1.V8.Test\Tyuiu.KupriyanovEA.Sprint5.Task1.V8.Test.csproj", "{6A14B6EB-2806-4838-9260-0546C7D7528D}"
EndProject
Project("{2150E333-8FDC-42A3-9474-1A3956D46DE8}") = "Task2", "Task2", "{ADCA377E-A069-4B8E-BAFC-4656A451DBC9}"
EndProject
Project("{FAE04EC0-301F-11D3-BF4B-00C04F79EFBC}") = "Tyuiu.KupriyanovEA.Sprint5.Task2.V10", "Tyuiu.KupriyanovEA.Sprint5.Task2.V10\Tyuiu.KupriyanovEA.Sprint5.Task2.V10.csproj", "{F163F9C6-E2B5-4636-B39B-20022F01BF96}"
EndProject
Project("{FAE04EC0-301F-11D3-BF4B-00C04F79EFBC}") = "Tyuiu.KupriyanovEA.Sprint5.Task2.V10.Lib", "Tyuiu.KupriyanovEA.Sprint5.Task2.V10.Lib\Tyuiu.KupriyanovEA.Sprint5.Task2.V10.Lib.csproj", "{A39016A4-C7A8-49E3-ABE2-EFACADC937C2}"
EndProject
Project("{FAE04EC0-301F-11D3-BF4B-00C04F79EFBC}") = "Tyuiu.KupriyanovEA.Sprint5.Task2.V10.Test", "Tyuiu.KupriyanovEA.Sprint5.Task2.V10.Test\Tyuiu.KupriyanovEA.Sprint5.Task2.V10.Test.csproj", "{12B41B3B-7380-48F7-8378-A0044C0616BE}"
EndProject
Project("{2150E333-8FDC-42A3-9474-1A3956D46DE8}") = "Task3", "Task3", "{E822BCDA-DEBC-43B7-9546-3671EEAA9D42}"
EndProject
Project("{FAE04EC0-301F-11D3-BF4B-00C04F79EFBC}") = "Tyuiu.KupriyanovEA.Sprint5.Task3.V24", "Tyuiu.KupriyanovEA.Sprint5.Task3.V24\Tyuiu.KupriyanovEA.Sprint5.Task3.V24.csproj", "{39E99A05-A598-48AD-BFA2-F800ADEACCC9}"
EndProject
Project("{FAE04EC0-301F-11D3-BF4B-00C04F79EFBC}") = "Tyuiu.KupriyanovEA.Sprint5.Task3.V24.Lib", "Tyuiu.KupriyanovEA.Sprint5.Task3.V24.Lib\Tyuiu.KupriyanovEA.Sprint5.Task3.V24.Lib.csproj", "{71A0C872-BD26-4FD9-B7CA-5145954CBF2C}"
EndProject
Project("{FAE04EC0-301F-11D3-BF4B-00C04F79EFBC}") = "Tyuiu.KupriyanovEA.Sprint5.Task3.V24.Test", "Tyuiu.KupriyanovEA.Sprint5.Task3.V24.Test\Tyuiu.KupriyanovEA.Sprint5.Task3.V24.Test.csproj", "{ABA2ED27-EEAD-466E-8B9F-E03AA7BD52E1}"
EndProject
Project("{2150E333-8FDC-42A3-9474-1A3956D46DE8}") = "Task4", "Task4", "{5F3673C6-854B-4E30-ADA3-5F8A956B7FF8}"
EndProject
Project("{FAE04EC0-301F-11D3-BF4B-00C04F79EFBC}") = "Tyuiu.KupriyanovEA.Sprint5.Task4.V13", "Tyuiu.KupriyanovEA.Sprint5.Task4.V13\Tyuiu.KupriyanovEA.Sprint5.Task4.V13.csproj", "{D6210E1D-C194-4393-8C79-3FC9BA172E6A}"
EndProject
Project("{FAE04EC0-301F-11D3-BF4B-00C04F79EFBC}") = "Tyuiu.KupriyanovEA.Sprint5.Task4.V13.Lib", "Tyuiu.KupriyanovEA.Sprint5.Task4.V13.Lib\Tyuiu.KupriyanovEA.Sprint5.Task4.V13.Lib.csproj", "{85A45B4D-CFC3-45AF-B44A-D4BB9C87A18F}"
EndProject
Project("{FAE04EC0-301F-11D3-BF4B-00C04F79EFBC}") = "Tyuiu.KupriyanovEA.Sprint5.Task4.V13.Test", "Tyuiu.KupriyanovEA.Sprint5.Task4.V13.Test\Tyuiu.KupriyanovEA.Sprint5.Task4.V13.Test.csproj", "{24C1579C-280A-453D-BE01-38FE6620BA38}"
EndProject
Project("{2150E333-8FDC-42A3-9474-1A3956D46DE8}") = "Task5", "Task5", "{6367286F-CD72-4667-91DC-8DEF57627D3E}"
EndProject
Project("{FAE04EC0-301F-11D3-BF4B-00C04F79EFBC}") = "Tyuiu.KupriyanovEA.Sprint5.Task5.V15", "Tyuiu.KupriyanovEA.Sprint5.Task5.V15\Tyuiu.KupriyanovEA.Sprint5.Task5.V15.csproj", "{890A0E94-0771-4371-92B6-CF8A9578F32C}"
EndProject
Project("{FAE04EC0-301F-11D3-BF4B-00C04F79EFBC}") = "Tyuiu.KupriyanovEA.Sprint5.Task5.V15.Lib", "Tyuiu.KupriyanovEA.Sprint5.Task5.V15.Lib\Tyuiu.KupriyanovEA.Sprint5.Task5.V15.Lib.csproj", "{CAB2F5F3-DE48-4366-A255-819DAF1BEF4C}"
EndProject
Project("{FAE04EC0-301F-11D3-BF4B-00C04F79EFBC}") = "Tyuiu.KupriyanovEA.Sprint5.Task5.V15.Test", "Tyuiu.KupriyanovEA.Sprint5.Task5.V15.Test\Tyuiu.KupriyanovEA.Sprint5.Task5.V15.Test.csproj", "{CEF0A01C-73A2-418A-91EC-B2B39DD7A2CE}"
EndProject
Global
	GlobalSection(SolutionConfigurationPlatforms) = preSolution
		Debug|Any CPU = Debug|Any CPU
		Release|Any CPU = Release|Any CPU
	EndGlobalSection
	GlobalSection(ProjectConfigurationPlatforms) = postSolution
		{50AEF102-692A-4EF5-A416-AA587942D10E}.Debug|Any CPU.ActiveCfg = Debug|Any CPU
		{50AEF102-692A-4EF5-A416-AA587942D10E}.Debug|Any CPU.Build.0 = Debug|Any CPU
		{50AEF102-692A-4EF5-A416-AA587942D10E}.Release|Any CPU.ActiveCfg = Release|Any CPU
		{50AEF102-692A-4EF5-A416-AA587942D10E}.Release|Any CPU.Build.0 = Release|Any CPU
		{60EAB392-69C3-41B4-AE59-98E0DCBBC2ED}.Debug|Any CPU.ActiveCfg = Debug|Any CPU
		{60EAB392-69C3-41B4-AE59-98E0DCBBC2ED}.Debug|Any CPU.Build.0 = Debug|Any CPU
		{60EAB392-69C3-41B4-AE59-98E0DCBBC2ED}.Release|Any CPU.ActiveCfg = Release|Any CPU
		{60EAB392-69C3-41B4-AE59-98E0DCBBC2ED}.Release|Any CPU.Build.0 = Release|Any CPU
		{2FD72446-1D30-4CA8-ADF7-D1A6B11214B5}.Debug|Any CPU.ActiveCfg = Debug|Any CPU
		{2FD72446-1D30-4CA8-ADF7-D1A6B11214B5}.Debug|Any CPU.Build.0 = Debug|Any CPU
		{2FD72446-1D30-4CA8-ADF7-D1A6B11214B5}.Release|Any CPU.ActiveCfg = Release|Any CPU
		{2FD72446-1D30-4CA8-ADF7-D1A6B11214B5}.Release|Any CPU.Build.0 = Release|Any CPU
		{DDEFC34C-2452-4546-B98F-9A474AD6000F}.Debug|Any CPU.ActiveCfg = Debug|Any CPU
		{DDEFC34C-2452-4546-B98F-9A474AD6000F}.Debug|Any CPU.Build.0 = Debug|Any CPU
		{DDEFC34C-2452-4546-B98F-9A474AD6000F}.Release|Any CPU.ActiveCfg = Release|Any CPU
		{DDEFC34C-2452-4546-B98F-9A474AD6000F}.Release|Any CPU.Build.0 = Release|Any CPU
		{6AE2DFAF-1A46-4B2C-A7DF-1CA780A06312}.Debug|Any CPU.ActiveCfg = Debug|Any CPU
		{6AE2DFAF-1A46-4B2C-A7DF-1CA780A06312}.Debug|Any CPU.Build.0 = Debug|Any CPU
		{6AE2DFAF-1A46-4B2C-A7DF-1CA780A06312}.Release|Any CPU.ActiveCfg = Release|Any CPU
		{6AE2DFAF-1A46-4B2C-A7DF-1CA780A06312}.Release|Any CPU.Build.0 = Release|Any CPU
		{6A14B6EB-2806-4838-9260-0546C7D7528D}.Debug|Any CPU.ActiveCfg = Debug|Any CPU
		{6A14B6EB-2806-4838-9260-0546C7D7528D}.Debug|Any CPU.Build.0 = Debug|Any CPU
		{6A14B6EB-2806-4838-9260-0546C7D7528D}.Release|Any CPU.ActiveCfg = Release|Any CPU
		{6A14B6EB-2806-4838-9260-0546C7D7528D}.Release|Any CPU.Build.0 = Release|Any CPU
		{F163F9C6-E2B5-4636-B39B-20022F01BF96}.Debug|Any CPU.ActiveCfg = Debug|Any CPU
		{F163F9C6-E2B5-4636-B39B-20022F01BF96}.Debug|Any CPU.Build.0 = Debug|Any CPU
		{F163F9C6-E2B5-4636-B39B-20022F01BF96}.Release|Any CPU.ActiveCfg = Release|Any CPU
		{F163F9C6-E2B5-4636-B39B-20022F01BF96}.Release|Any CPU.Build.0 = Release|Any CPU
		{A39016A4-C7A8-49E3-ABE2-EFACADC937C2}.Debug|Any CPU.ActiveCfg = Debug|Any CPU
		{A39016A4-C7A8-49E3-ABE2-EFACADC937C2}.Debug|Any CPU.Build.0 = Debug|Any CPU
		{A39016A4-C7A8-49E3-ABE2-EFACADC937C2}.Release|Any CPU.ActiveCfg = Release|Any CPU
		{A39016A4-C7A8-49E3-ABE2-EFACADC937C2}.Release|Any CPU.Build.0 = Release|Any CPU
		{12B41B3B-7380-48F7-8378-A0044C0616BE}.Debug|Any CPU.ActiveCfg = Debug|Any CPU
		{12B41B3B-7380-48F7-8378-A0044C0616BE}.Debug|Any CPU.Build.0 = Debug|Any CPU
		{12B41B3B-7380-48F7-8378-A0044C0616BE}.Release|Any CPU.ActiveCfg = Release|Any CPU
		{12B41B3B-7380-48F7-8378-A0044C0616BE}.Release|Any CPU.Build.0 = Release|Any CPU
		{39E99A05-A598-48AD-BFA2-F800ADEACCC9}.Debug|Any CPU.ActiveCfg = Debug|Any CPU
		{39E99A05-A598-48AD-BFA2-F800ADEACCC9}.Debug|Any CPU.Build.0 = Debug|Any CPU
		{39E99A05-A598-48AD-BFA2-F800ADEACCC9}.Release|Any CPU.ActiveCfg = Release|Any CPU
		{39E99A05-A598-48AD-BFA2-F800ADEACCC9}.Release|Any CPU.Build.0 = Release|Any CPU
		{71A0C872-BD26-4FD9-B7CA-5145954CBF2C}.Debug|Any CPU.ActiveCfg = Debug|Any CPU
		{71A0C872-BD26-4FD9-B7CA-5145954CBF2C}.Debug|Any CPU.Build.0 = Debug|Any CPU
		{71A0C872-BD26-4FD9-B7CA-5145954CBF2C}.Release|Any CPU.ActiveCfg = Release|Any CPU
		{71A0C872-BD26-4FD9-B7CA-5145954CBF2C}.Release|Any CPU.Build.0 = Release|Any CPU
		{ABA2ED27-EEAD-466E-8B9F-E03AA7BD52E1}.Debug|Any CPU.ActiveCfg = Debug|Any CPU
		{ABA2ED27-EEAD-466E-8B9F-E03AA7BD52E1}.Debug|Any CPU.Build.0 = Debug|Any CPU
		{ABA2ED27-EEAD-466E-8B9F-E03AA7BD52E1}.Release|Any CPU.ActiveCfg = Release|Any CPU
		{ABA2ED27-EEAD-466E-8B9F-E03AA7BD52E1}.Release|Any CPU.Build.0 = Release|Any CPU
		{D6210E1D-C194-4393-8C79-3FC9BA172E6A}.Debug|Any CPU.ActiveCfg = Debug|Any CPU
		{D6210E1D-C194-4393-8C79-3FC9BA172E6A}.Debug|Any CPU.Build.0 = Debug|Any CPU
		{D6210E1D-C194-4393-8C79-3FC9BA172E6A}.Release|Any CPU.ActiveCfg = Release|Any CPU
		{D6210E1D-C194-4393-8C79-3FC9BA172E6A}.Release|Any CPU.Build.0 = Release|Any CPU
		{85A45B4D-CFC3-45AF-B44A-D4BB9C87A18F}.Debug|Any CPU.ActiveCfg = Debug|Any CPU
		{85A45B4D-CFC3-45AF-B44A-D4BB9C87A18F}.Debug|Any CPU.Build.0 = Debug|Any CPU
		{85A45B4D-CFC3-45AF-B44A-D4BB9C87A18F}.Release|Any CPU.ActiveCfg = Release|Any CPU
		{85A45B4D-CFC3-45AF-B44A-D4BB9C87A18F}.Release|Any CPU.Build.0 = Release|Any CPU
		{24C1579C-280A-453D-BE01-38FE6620BA38}.Debug|Any CPU.ActiveCfg = Debug|Any CPU
		{24C1579C-280A-453D-BE01-38FE6620BA38}.Debug|Any CPU.Build.0 = Debug|Any CPU
		{24C1579C-280A-453D-BE01-38FE6620BA38}.Release|Any CPU.ActiveCfg = Release|Any CPU
		{24C1579C-280A-453D-BE01-38FE6620BA38}.Release|Any CPU.Build.0 = Release|Any CPU
		{890A0E94-0771-4371-92B6-CF8A9578F32C}.Debug|Any CPU.ActiveCfg = Debug|Any CPU
		{890A0E94-0771-4371-92B6-CF8A9578F32C}.Debug|Any CPU.Build.0 = Debug|Any CPU
		{890A0E94-0771-4371-92B6-CF8A9578F32C}.Release|Any CPU.ActiveCfg = Release|Any CPU
		{890A0E94-0771-4371-92B6-CF8A9578F32C}.Release|Any CPU.Build.0 = Release|Any CPU
		{CAB2F5F3-DE48-4366-A255-819DAF1BEF4C}.Debug|Any CPU.ActiveCfg = Debug|Any CPU
		{CAB2F5F3-DE48-4366-A255-819DAF1BEF4C}.Debug|Any CPU.Build.0 = Debug|Any CPU
		{CAB2F5F3-DE48-4366-A255-819DAF1BEF4C}.Release|Any CPU.ActiveCfg = Release|Any CPU
		{CAB2F5F3-DE48-4366-A255-819DAF1BEF4C}.Release|Any CPU.Build.0 = Release|Any CPU
		{CEF0A01C-73A2-418A-91EC-B2B39DD7A2CE}.Debug|Any CPU.ActiveCfg = Debug|Any CPU
		{CEF0A01C-73A2-418A-91EC-B2B39DD7A2CE}.Debug|Any CPU.Build.0 = Debug|Any CPU
		{CEF0A01C-73A2-418A-91EC-B2B39DD7A2CE}.Release|Any CPU.ActiveCfg = Release|Any CPU
		{CEF0A01C-73A2-418A-91EC-B2B39DD7A2CE}.Release|Any CPU.Build.0 = Release|Any CPU
	EndGlobalSection
	GlobalSection(SolutionProperties) = preSolution
		HideSolutionNode = FALSE
	EndGlobalSection
	GlobalSection(NestedProjects) = preSolution
		{50AEF102-692A-4EF5-A416-AA587942D10E} = {3C886B68-F199-4D3F-9B3C-BC0F94CAC5CF}
		{60EAB392-69C3-41B4-AE59-98E0DCBBC2ED} = {3C886B68-F199-4D3F-9B3C-BC0F94CAC5CF}
		{2FD72446-1D30-4CA8-ADF7-D1A6B11214B5} = {3C886B68-F199-4D3F-9B3C-BC0F94CAC5CF}
		{DDEFC34C-2452-4546-B98F-9A474AD6000F} = {6B3CFEDB-2B90-454E-9AFE-0D8EEF767D2B}
		{6AE2DFAF-1A46-4B2C-A7DF-1CA780A06312} = {6B3CFEDB-2B90-454E-9AFE-0D8EEF767D2B}
		{6A14B6EB-2806-4838-9260-0546C7D7528D} = {6B3CFEDB-2B90-454E-9AFE-0D8EEF767D2B}
		{F163F9C6-E2B5-4636-B39B-20022F01BF96} = {ADCA377E-A069-4B8E-BAFC-4656A451DBC9}
		{A39016A4-C7A8-49E3-ABE2-EFACADC937C2} = {ADCA377E-A069-4B8E-BAFC-4656A451DBC9}
		{12B41B3B-7380-48F7-8378-A0044C0616BE} = {ADCA377E-A069-4B8E-BAFC-4656A451DBC9}
		{39E99A05-A598-48AD-BFA2-F800ADEACCC9} = {E822BCDA-DEBC-43B7-9546-3671EEAA9D42}
		{71A0C872-BD26-4FD9-B7CA-5145954CBF2C} = {E822BCDA-DEBC-43B7-9546-3671EEAA9D42}
		{ABA2ED27-EEAD-466E-8B9F-E03AA7BD52E1} = {E822BCDA-DEBC-43B7-9546-3671EEAA9D42}
		{D6210E1D-C194-4393-8C79-3FC9BA172E6A} = {5F3673C6-854B-4E30-ADA3-5F8A956B7FF8}
		{85A45B4D-CFC3-45AF-B44A-D4BB9C87A18F} = {5F3673C6-854B-4E30-ADA3-5F8A956B7FF8}
		{24C1579C-280A-453D-BE01-38FE6620BA38} = {5F3673C6-854B-4E30-ADA3-5F8A956B7FF8}
		{890A0E94-0771-4371-92B6-CF8A9578F32C} = {6367286F-CD72-4667-91DC-8DEF57627D3E}
		{CAB2F5F3-DE48-4366-A255-819DAF1BEF4C} = {6367286F-CD72-4667-91DC-8DEF57627D3E}
		{CEF0A01C-73A2-418A-91EC-B2B39DD7A2CE} = {6367286F-CD72-4667-91DC-8DEF57627D3E}
	EndGlobalSection
	GlobalSection(ExtensibilityGlobals) = postSolution
		SolutionGuid = {2E42A787-7883-45CB-96CA-62CC1F479290}
	EndGlobalSection
EndGlobal
