
Microsoft Visual Studio Solution File, Format Version 12.00
# Visual Studio Version 16
VisualStudioVersion = 16.0.33927.289
MinimumVisualStudioVersion = 10.0.40219.1
Project("{2150E333-8FDC-42A3-9474-1A3956D46DE8}") = "Task0", "Task0", "{3C886B68-F199-4D3F-9B3C-BC0F94CAC5CF}"
EndProject
Project("{FAE04EC0-301F-11D3-BF4B-00C04F79EFBC}") = "Tyuiu.KupriyanovEA.Sprint5.Task0.V8", "Tyuiu.KupriyanovEA.Sprint5.Task0.V8\Tyuiu.KupriyanovEA.Sprint5.Task0.V8.csproj", "{50AEF102-692A-4EF5-A416-AA587942D10E}"
EndProject
Project("{FAE04EC0-301F-11D3-BF4B-00C04F79EFBC}") = "Tyuiu.KupriyanovEA.Sprint5.Task0.V8.Lib", "Tyuiu.KupriyanovEA.Sprint5.Task0.V8.Lib\Tyuiu.KupriyanovEA.Sprint5.Task0.V8.Lib.csproj", "{60EAB392-69C3-41B4-AE59-98E0DCBBC2ED}"
EndProject
Project("{FAE04EC0-301F-11D3-BF4B-00C04F79EFBC}") = "Tyuiu.KupriyanovEA.Sprint5.Task0.V8.Test", "Tyuiu.KupriyanovEA.Sprint5.Task0.V8.Test\Tyuiu.KupriyanovEA.Sprint5.Task0.V8.Test.csproj", "{2FD72446-1D30-4CA8-ADF7-D1A6B11214B5}"
EndProject
Global
	GlobalSection(SolutionConfigurationPlatforms) = preSolution
		Debug|Any CPU = Debug|Any CPU
		Release|Any CPU = Release|Any CPU
	EndGlobalSection
	GlobalSection(ProjectConfigurationPlatforms) = postSolution
		{50AEF102-692A-4EF5-A416-AA587942D10E}.Debug|Any CPU.ActiveCfg = Debug|Any CPU
		{50AEF102-692A-4EF5-A416-AA587942D10E}.Debug|Any CPU.Build.0 = Debug|Any CPU
		{50AEF102-692A-4EF5-A416-AA587942D10E}.Release|Any CPU.ActiveCfg = Release|Any CPU
		{50AEF102-692A-4EF5-A416-AA587942D10E}.Release|Any CPU.Build.0 = Release|Any CPU
		{60EAB392-69C3-41B4-AE59-98E0DCBBC2ED}.Debug|Any CPU.ActiveCfg = Debug|Any CPU
		{60EAB392-69C3-41B4-AE59-98E0DCBBC2ED}.Debug|Any CPU.Build.0 = Debug|Any CPU
		{60EAB392-69C3-41B4-AE59-98E0DCBBC2ED}.Release|Any CPU.ActiveCfg = Release|Any CPU
		{60EAB392-69C3-41B4-AE59-98E0DCBBC2ED}.Release|Any CPU.Build.0 = Release|Any CPU
		{2FD72446-1D30-4CA8-ADF7-D1A6B11214B5}.Debug|Any CPU.ActiveCfg = Debug|Any CPU
		{2FD72446-1D30-4CA8-ADF7-D1A6B11214B5}.Debug|Any CPU.Build.0 = Debug|Any CPU
		{2FD72446-1D30-4CA8-ADF7-D1A6B11214B5}.Release|Any CPU.ActiveCfg = Release|Any CPU
		{2FD72446-1D30-4CA8-ADF7-D1A6B11214B5}.Release|Any CPU.Build.0 = Release|Any CPU
	EndGlobalSection
	GlobalSection(SolutionProperties) = preSolution
		HideSolutionNode = FALSE
	EndGlobalSection
	GlobalSection(NestedProjects) = preSolution
		{50AEF102-692A-4EF5-A416-AA587942D10E} = {3C886B68-F199-4D3F-9B3C-BC0F94CAC5CF}
		{60EAB392-69C3-41B4-AE59-98E0DCBBC2ED} = {3C886B68-F199-4D3F-9B3C-BC0F94CAC5CF}
		{2FD72446-1D30-4CA8-ADF7-D1A6B11214B5} = {3C886B68-F199-4D3F-9B3C-BC0F94CAC5CF}
	EndGlobalSection
	GlobalSection(ExtensibilityGlobals) = postSolution
		SolutionGuid = {2E42A787-7883-45CB-96CA-62CC1F479290}
	EndGlobalSection
EndGlobal
